
Microsoft Visual Studio Solution File, Format Version 12.00
# Visual Studio Version 17
VisualStudioVersion = 17.3.32922.545
MinimumVisualStudioVersion = 10.0.40219.1
Project("{FAE04EC0-301F-11D3-BF4B-00C04F79EFBC}") = "test", "test\test.csproj", "{228F0CCA-2FBB-4064-98F2-8392FD91622F}"
EndProject
Global
	GlobalSection(SolutionConfigurationPlatforms) = preSolution
		Debug|Any CPU = Debug|Any CPU
		Release|Any CPU = Release|Any CPU
	EndGlobalSection
	GlobalSection(ProjectConfigurationPlatforms) = postSolution
		{228F0CCA-2FBB-4064-98F2-8392FD91622F}.Debug|Any CPU.ActiveCfg = Debug|Any CPU
		{228F0CCA-2FBB-4064-98F2-8392FD91622F}.Debug|Any CPU.Build.0 = Debug|Any CPU
		{228F0CCA-2FBB-4064-98F2-8392FD91622F}.Release|Any CPU.ActiveCfg = Release|Any CPU
		{228F0CCA-2FBB-4064-98F2-8392FD91622F}.Release|Any CPU.Build.0 = Release|Any CPU
	EndGlobalSection
	GlobalSection(SolutionProperties) = preSolution
		HideSolutionNode = FALSE
	EndGlobalSection
	GlobalSection(ExtensibilityGlobals) = postSolution
		SolutionGuid = {CBBB4DC9-F254-4DD3-A3B7-B85557EC57B1}
	EndGlobalSection
EndGlobal
