
Microsoft Visual Studio Solution File, Format Version 12.00
# Visual Studio Version 17
VisualStudioVersion = 17.4.33110.190
MinimumVisualStudioVersion = 10.0.40219.1
Project("{FAE04EC0-301F-11D3-BF4B-00C04F79EFBC}") = "Oefening_Concert_Planner", "Oefening_Concert_Planner\Oefening_Concert_Planner.csproj", "{DA60D0A3-8EC5-4736-86BC-9B493DEEAEF2}"
EndProject
Global
	GlobalSection(SolutionConfigurationPlatforms) = preSolution
		Debug|Any CPU = Debug|Any CPU
		Release|Any CPU = Release|Any CPU
	EndGlobalSection
	GlobalSection(ProjectConfigurationPlatforms) = postSolution
		{DA60D0A3-8EC5-4736-86BC-9B493DEEAEF2}.Debug|Any CPU.ActiveCfg = Debug|Any CPU
		{DA60D0A3-8EC5-4736-86BC-9B493DEEAEF2}.Debug|Any CPU.Build.0 = Debug|Any CPU
		{DA60D0A3-8EC5-4736-86BC-9B493DEEAEF2}.Release|Any CPU.ActiveCfg = Release|Any CPU
		{DA60D0A3-8EC5-4736-86BC-9B493DEEAEF2}.Release|Any CPU.Build.0 = Release|Any CPU
	EndGlobalSection
	GlobalSection(SolutionProperties) = preSolution
		HideSolutionNode = FALSE
	EndGlobalSection
	GlobalSection(ExtensibilityGlobals) = postSolution
		SolutionGuid = {5C62CAC9-0D2A-49D9-90DF-602DC65BE805}
	EndGlobalSection
EndGlobal
