
Microsoft Visual Studio Solution File, Format Version 12.00
# Visual Studio Version 17
VisualStudioVersion = 17.3.32901.215
MinimumVisualStudioVersion = 10.0.40219.1
Project("{FAE04EC0-301F-11D3-BF4B-00C04F79EFBC}") = "ExtraOefVarEnOper", "ExtraOefVarEnOper\ExtraOefVarEnOper.csproj", "{8B0410E2-83EB-4B33-AFC0-CFBBD4F9BC1A}"
EndProject
Global
	GlobalSection(SolutionConfigurationPlatforms) = preSolution
		Debug|Any CPU = Debug|Any CPU
		Release|Any CPU = Release|Any CPU
	EndGlobalSection
	GlobalSection(ProjectConfigurationPlatforms) = postSolution
		{8B0410E2-83EB-4B33-AFC0-CFBBD4F9BC1A}.Debug|Any CPU.ActiveCfg = Debug|Any CPU
		{8B0410E2-83EB-4B33-AFC0-CFBBD4F9BC1A}.Debug|Any CPU.Build.0 = Debug|Any CPU
		{8B0410E2-83EB-4B33-AFC0-CFBBD4F9BC1A}.Release|Any CPU.ActiveCfg = Release|Any CPU
		{8B0410E2-83EB-4B33-AFC0-CFBBD4F9BC1A}.Release|Any CPU.Build.0 = Release|Any CPU
	EndGlobalSection
	GlobalSection(SolutionProperties) = preSolution
		HideSolutionNode = FALSE
	EndGlobalSection
	GlobalSection(ExtensibilityGlobals) = postSolution
		SolutionGuid = {F5465E54-890F-4FC1-9EFE-2AF0B0857DDA}
	EndGlobalSection
EndGlobal
