
Microsoft Visual Studio Solution File, Format Version 12.00
# Visual Studio Version 17
VisualStudioVersion = 17.4.33110.190
MinimumVisualStudioVersion = 10.0.40219.1
Project("{FAE04EC0-301F-11D3-BF4B-00C04F79EFBC}") = "Oefening_Vulkanen", "Oefening_Vulkanen\Oefening_Vulkanen.csproj", "{330969BB-59C0-44E0-8544-BB5323224CEA}"
EndProject
Global
	GlobalSection(SolutionConfigurationPlatforms) = preSolution
		Debug|Any CPU = Debug|Any CPU
		Release|Any CPU = Release|Any CPU
	EndGlobalSection
	GlobalSection(ProjectConfigurationPlatforms) = postSolution
		{330969BB-59C0-44E0-8544-BB5323224CEA}.Debug|Any CPU.ActiveCfg = Debug|Any CPU
		{330969BB-59C0-44E0-8544-BB5323224CEA}.Debug|Any CPU.Build.0 = Debug|Any CPU
		{330969BB-59C0-44E0-8544-BB5323224CEA}.Release|Any CPU.ActiveCfg = Release|Any CPU
		{330969BB-59C0-44E0-8544-BB5323224CEA}.Release|Any CPU.Build.0 = Release|Any CPU
	EndGlobalSection
	GlobalSection(SolutionProperties) = preSolution
		HideSolutionNode = FALSE
	EndGlobalSection
	GlobalSection(ExtensibilityGlobals) = postSolution
		SolutionGuid = {D5A3D268-F7DF-474B-B72F-B8790C1A4500}
	EndGlobalSection
EndGlobal
