
Microsoft Visual Studio Solution File, Format Version 12.00
# Visual Studio Version 17
VisualStudioVersion = 17.4.33110.190
MinimumVisualStudioVersion = 10.0.40219.1
Project("{FAE04EC0-301F-11D3-BF4B-00C04F79EFBC}") = "Les_11_HulpFunctiesArrays", "Les_11_HulpFunctiesArrays\Les_11_HulpFunctiesArrays.csproj", "{EE571B39-E11F-46E7-A825-7449EE10320C}"
EndProject
Global
	GlobalSection(SolutionConfigurationPlatforms) = preSolution
		Debug|Any CPU = Debug|Any CPU
		Release|Any CPU = Release|Any CPU
	EndGlobalSection
	GlobalSection(ProjectConfigurationPlatforms) = postSolution
		{EE571B39-E11F-46E7-A825-7449EE10320C}.Debug|Any CPU.ActiveCfg = Debug|Any CPU
		{EE571B39-E11F-46E7-A825-7449EE10320C}.Debug|Any CPU.Build.0 = Debug|Any CPU
		{EE571B39-E11F-46E7-A825-7449EE10320C}.Release|Any CPU.ActiveCfg = Release|Any CPU
		{EE571B39-E11F-46E7-A825-7449EE10320C}.Release|Any CPU.Build.0 = Release|Any CPU
	EndGlobalSection
	GlobalSection(SolutionProperties) = preSolution
		HideSolutionNode = FALSE
	EndGlobalSection
	GlobalSection(ExtensibilityGlobals) = postSolution
		SolutionGuid = {A899A40E-6C0F-4E72-B27D-317C963DFCBA}
	EndGlobalSection
EndGlobal
