
Microsoft Visual Studio Solution File, Format Version 12.00
# Visual Studio Version 17
VisualStudioVersion = 17.4.33110.190
MinimumVisualStudioVersion = 10.0.40219.1
Project("{FAE04EC0-301F-11D3-BF4B-00C04F79EFBC}") = "WPF_Controls_Lijsten", "WPF_Controls_Lijsten\WPF_Controls_Lijsten.csproj", "{60615712-17D8-49D3-8B85-EEBF2F3FCB74}"
EndProject
Global
	GlobalSection(SolutionConfigurationPlatforms) = preSolution
		Debug|Any CPU = Debug|Any CPU
		Release|Any CPU = Release|Any CPU
	EndGlobalSection
	GlobalSection(ProjectConfigurationPlatforms) = postSolution
		{60615712-17D8-49D3-8B85-EEBF2F3FCB74}.Debug|Any CPU.ActiveCfg = Debug|Any CPU
		{60615712-17D8-49D3-8B85-EEBF2F3FCB74}.Debug|Any CPU.Build.0 = Debug|Any CPU
		{60615712-17D8-49D3-8B85-EEBF2F3FCB74}.Release|Any CPU.ActiveCfg = Release|Any CPU
		{60615712-17D8-49D3-8B85-EEBF2F3FCB74}.Release|Any CPU.Build.0 = Release|Any CPU
	EndGlobalSection
	GlobalSection(SolutionProperties) = preSolution
		HideSolutionNode = FALSE
	EndGlobalSection
	GlobalSection(ExtensibilityGlobals) = postSolution
		SolutionGuid = {E84B0441-34FA-459B-AF14-2F3F7D834C38}
	EndGlobalSection
EndGlobal
