
Microsoft Visual Studio Solution File, Format Version 12.00
# Visual Studio Version 17
VisualStudioVersion = 17.3.32922.545
MinimumVisualStudioVersion = 10.0.40219.1
Project("{FAE04EC0-301F-11D3-BF4B-00C04F79EFBC}") = "TryParseDemo", "TryParseDemo\TryParseDemo.csproj", "{E9C154E5-8173-4BFE-92CD-9E441F9778AE}"
EndProject
Global
	GlobalSection(SolutionConfigurationPlatforms) = preSolution
		Debug|Any CPU = Debug|Any CPU
		Release|Any CPU = Release|Any CPU
	EndGlobalSection
	GlobalSection(ProjectConfigurationPlatforms) = postSolution
		{E9C154E5-8173-4BFE-92CD-9E441F9778AE}.Debug|Any CPU.ActiveCfg = Debug|Any CPU
		{E9C154E5-8173-4BFE-92CD-9E441F9778AE}.Debug|Any CPU.Build.0 = Debug|Any CPU
		{E9C154E5-8173-4BFE-92CD-9E441F9778AE}.Release|Any CPU.ActiveCfg = Release|Any CPU
		{E9C154E5-8173-4BFE-92CD-9E441F9778AE}.Release|Any CPU.Build.0 = Release|Any CPU
	EndGlobalSection
	GlobalSection(SolutionProperties) = preSolution
		HideSolutionNode = FALSE
	EndGlobalSection
	GlobalSection(ExtensibilityGlobals) = postSolution
		SolutionGuid = {3B336098-AD15-4E81-B353-6DC6D2F82B24}
	EndGlobalSection
EndGlobal
