
Microsoft Visual Studio Solution File, Format Version 12.00
# Visual Studio Version 17
VisualStudioVersion = 17.4.33103.184
MinimumVisualStudioVersion = 10.0.40219.1
Project("{FAE04EC0-301F-11D3-BF4B-00C04F79EFBC}") = "Les_9_FoutAfhandeling", "Les_9_FoutAfhandeling\Les_9_FoutAfhandeling.csproj", "{B325CB16-D5A1-4102-9854-84CEF6CD3F47}"
EndProject
Global
	GlobalSection(SolutionConfigurationPlatforms) = preSolution
		Debug|Any CPU = Debug|Any CPU
		Release|Any CPU = Release|Any CPU
	EndGlobalSection
	GlobalSection(ProjectConfigurationPlatforms) = postSolution
		{B325CB16-D5A1-4102-9854-84CEF6CD3F47}.Debug|Any CPU.ActiveCfg = Debug|Any CPU
		{B325CB16-D5A1-4102-9854-84CEF6CD3F47}.Debug|Any CPU.Build.0 = Debug|Any CPU
		{B325CB16-D5A1-4102-9854-84CEF6CD3F47}.Release|Any CPU.ActiveCfg = Release|Any CPU
		{B325CB16-D5A1-4102-9854-84CEF6CD3F47}.Release|Any CPU.Build.0 = Release|Any CPU
	EndGlobalSection
	GlobalSection(SolutionProperties) = preSolution
		HideSolutionNode = FALSE
	EndGlobalSection
	GlobalSection(ExtensibilityGlobals) = postSolution
		SolutionGuid = {55EADDBD-15C7-407F-BB56-DD5B2050577B}
	EndGlobalSection
EndGlobal
