
Microsoft Visual Studio Solution File, Format Version 12.00
# Visual Studio Version 17
VisualStudioVersion = 17.3.32922.545
MinimumVisualStudioVersion = 10.0.40219.1
Project("{FAE04EC0-301F-11D3-BF4B-00C04F79EFBC}") = "Oef11_Raadspel", "Oef11_Raadspel\Oef11_Raadspel.csproj", "{51591E4D-5F7E-4D2B-8CC2-B7F726D0CE35}"
EndProject
Global
	GlobalSection(SolutionConfigurationPlatforms) = preSolution
		Debug|Any CPU = Debug|Any CPU
		Release|Any CPU = Release|Any CPU
	EndGlobalSection
	GlobalSection(ProjectConfigurationPlatforms) = postSolution
		{51591E4D-5F7E-4D2B-8CC2-B7F726D0CE35}.Debug|Any CPU.ActiveCfg = Debug|Any CPU
		{51591E4D-5F7E-4D2B-8CC2-B7F726D0CE35}.Debug|Any CPU.Build.0 = Debug|Any CPU
		{51591E4D-5F7E-4D2B-8CC2-B7F726D0CE35}.Release|Any CPU.ActiveCfg = Release|Any CPU
		{51591E4D-5F7E-4D2B-8CC2-B7F726D0CE35}.Release|Any CPU.Build.0 = Release|Any CPU
	EndGlobalSection
	GlobalSection(SolutionProperties) = preSolution
		HideSolutionNode = FALSE
	EndGlobalSection
	GlobalSection(ExtensibilityGlobals) = postSolution
		SolutionGuid = {5FC83E07-1E14-4986-A372-363130FD23F3}
	EndGlobalSection
EndGlobal
